
Microsoft Visual Studio Solution File, Format Version 12.00
# Visual Studio Version 16
VisualStudioVersion = 16.0.31205.134
MinimumVisualStudioVersion = 10.0.40219.1
Project("{9A19103F-16F7-4668-BE54-9A1E7A4F7556}") = "ProjectEulerTests", "ProjectEulerTests\ProjectEulerTests.csproj", "{06679F95-4F70-4967-861B-977D940FBCF8}"
EndProject
Project("{9A19103F-16F7-4668-BE54-9A1E7A4F7556}") = "ProjectEuler", "ProjectEuler\ProjectEuler.csproj", "{DF69BA0B-1021-41D9-A84E-112844E2BE16}"
EndProject
Global
	GlobalSection(SolutionConfigurationPlatforms) = preSolution
		Debug|Any CPU = Debug|Any CPU
		Release|Any CPU = Release|Any CPU
	EndGlobalSection
	GlobalSection(ProjectConfigurationPlatforms) = postSolution
		{06679F95-4F70-4967-861B-977D940FBCF8}.Debug|Any CPU.ActiveCfg = Debug|Any CPU
		{06679F95-4F70-4967-861B-977D940FBCF8}.Debug|Any CPU.Build.0 = Debug|Any CPU
		{06679F95-4F70-4967-861B-977D940FBCF8}.Release|Any CPU.ActiveCfg = Release|Any CPU
		{06679F95-4F70-4967-861B-977D940FBCF8}.Release|Any CPU.Build.0 = Release|Any CPU
		{DF69BA0B-1021-41D9-A84E-112844E2BE16}.Debug|Any CPU.ActiveCfg = Debug|Any CPU
		{DF69BA0B-1021-41D9-A84E-112844E2BE16}.Debug|Any CPU.Build.0 = Debug|Any CPU
		{DF69BA0B-1021-41D9-A84E-112844E2BE16}.Release|Any CPU.ActiveCfg = Release|Any CPU
		{DF69BA0B-1021-41D9-A84E-112844E2BE16}.Release|Any CPU.Build.0 = Release|Any CPU
	EndGlobalSection
	GlobalSection(SolutionProperties) = preSolution
		HideSolutionNode = FALSE
	EndGlobalSection
	GlobalSection(ExtensibilityGlobals) = postSolution
		SolutionGuid = {D84C06C4-2611-42B9-8F78-1C7E7D15E0F0}
	EndGlobalSection
EndGlobal
